lockfileVersion: '9.0'

settings:
  autoInstallPeers: true
  excludeLinksFromLockfile: false

importers:

  .:
    dependencies:
      svelte-spa-router:
        specifier: ^4.0.1
        version: 4.0.1

packages:

  regexparam@2.0.2:
    resolution: {integrity: sha512-A1PeDEYMrkLrfyOwv2jwihXbo9qxdGD3atBYQA9JJgreAx8/7rC6IUkWOw2NQlOxLp2wL0ifQbh1HuidDfYA6w==}
    engines: {node: '>=8'}

  svelte-spa-router@4.0.1:
    resolution: {integrity: sha512-2JkmUQ2f9jRluijL58LtdQBIpynSbem2eBGp4zXdi7aDY1znbR6yjw0KsonD0aq2QLwf4Yx4tBJQjxIjgjXHKg==}

snapshots:

  regexparam@2.0.2: {}

  svelte-spa-router@4.0.1:
    dependencies:
      regexparam: 2.0.2
